<?xml version="1.0" encoding="UTF-8" standalone="yes" ?>
<CodeBlocks_project_file>
	<FileVersion major="1" minor="6" />
	<Project>
		<Option title="CPPDemo.Lang" />
		<Option pch_mode="2" />
		<Option compiler="gcc" />
		<Build>
			<Target title="Debug">
				<Option output="bin/Debug/CPPDemo" prefix_auto="1" extension_auto="1" />
				<Option object_output="obj/Debug/" />
				<Option type="1" />
				<Option compiler="gcc" />
				<Compiler>
					<Add option="-g" />
				</Compiler>
			</Target>
			<Target title="Release">
				<Option output="bin/Release/CPPDemo" prefix_auto="1" extension_auto="1" />
				<Option object_output="obj/Release/" />
				<Option type="1" />
				<Option compiler="gcc" />
				<Compiler>
					<Add option="-O2" />
				</Compiler>
				<Linker>
					<Add option="-s" />
				</Linker>
			</Target>
		</Build>
		<Compiler>
			<Add option="-Wall" />
			<Add option="-fexceptions" />
		</Compiler>
		<Unit filename="02.LRvalueAndRvalueReference.cpp">
			<Option compile="0" />
			<Option link="0" />
			<Option target="Debug" />
		</Unit>
		<Unit filename="20.ClassBasic.cpp">
			<Option compile="0" />
			<Option link="0" />
		</Unit>
		<Unit filename="21.BaseAndSub.cpp">
			<Option compile="0" />
			<Option link="0" />
		</Unit>
		<Unit filename="21.ClassWithPointer.cpp">
			<Option compile="0" />
			<Option link="0" />
			<Option target="Debug" />
		</Unit>
		<Unit filename="22.BaseAndSub_Virtual.cpp">
			<Option compile="0" />
			<Option link="0" />
			<Option target="Debug" />
		</Unit>
		<Unit filename="23.FriendClassAndFriendMethod.cpp">
			<Option compile="0" />
			<Option link="0" />
			<Option target="Debug" />
		</Unit>
		<Unit filename="30.CtorExplicit.cpp">
			<Option compile="0" />
			<Option link="0" />
			<Option target="Debug" />
		</Unit>
		<Unit filename="300.CtorInvokeCtor.cpp">
			<Option compile="0" />
			<Option link="0" />
			<Option target="Debug" />
		</Unit>
		<Unit filename="310.CopyCtor.cpp">
			<Option compile="0" />
			<Option link="0" />
			<Option target="Debug" />
		</Unit>
		<Unit filename="311.CopyAssignmentOperator.cpp">
			<Option compile="0" />
			<Option link="0" />
			<Option target="Debug" />
		</Unit>
		<Unit filename="312.CopyAssignmentOperatorUsingSwap.cpp">
			<Option compile="0" />
			<Option link="0" />
			<Option target="Debug" />
		</Unit>
		<Unit filename="320.MoveCtor.cpp">
			<Option compile="0" />
			<Option link="0" />
			<Option target="Debug" />
		</Unit>
		<Unit filename="321.MoveAssignmentOperator.cpp">
			<Option compile="0" />
			<Option link="0" />
			<Option target="Debug" />
		</Unit>
		<Unit filename="350.RuleOfFive_Simple.cpp">
			<Option compile="0" />
			<Option link="0" />
		</Unit>
		<Unit filename="351.RuleOfFive_Optimize.cpp">
			<Option compile="0" />
			<Option link="0" />
			<Option target="Debug" />
		</Unit>
		<Unit filename="81.MethodReturnValueAndRef.cpp">
			<Option compile="0" />
			<Option link="0" />
			<Option target="Debug" />
		</Unit>
		<Unit filename="82.SmartPointer.cpp">
			<Option compile="0" />
			<Option link="0" />
			<Option target="Debug" />
		</Unit>
		<Unit filename="83.NewAndDelete.cpp">
			<Option compile="0" />
			<Option link="0" />
			<Option target="Debug" />
		</Unit>
		<Unit filename="900.thread.demo.cpp">
			<Option compile="0" />
			<Option link="0" />
		</Unit>
		<Unit filename="900.thread.parameters.cpp">
			<Option compile="0" />
			<Option link="0" />
			<Option target="Debug" />
		</Unit>
		<Unit filename="901.thread.join_detach.cpp">
			<Option compile="0" />
			<Option link="0" />
		</Unit>
		<Unit filename="902.thread.exception.cpp">
			<Option compile="0" />
			<Option link="0" />
		</Unit>
		<Unit filename="903.thread.transfer_owner.cpp">
			<Option compile="0" />
			<Option link="0" />
			<Option target="Debug" />
		</Unit>
		<Unit filename="905.thread.this_thread.cpp">
			<Option compile="0" />
			<Option link="0" />
		</Unit>
		<Unit filename="910.thread.mutex.lock_guard.cpp">
			<Option compile="0" />
			<Option link="0" />
<<<<<<< HEAD
			<Option target="Debug" />
=======
>>>>>>> origin/master
		</Unit>
		<Unit filename="911.[todo].thread.unique_lock.cpp">
			<Option compile="0" />
			<Option link="0" />
<<<<<<< HEAD
			<Option target="Debug" />
=======
>>>>>>> origin/master
		</Unit>
		<Unit filename="920.thread.atomic.cpp">
			<Option compile="0" />
			<Option link="0" />
<<<<<<< HEAD
			<Option target="Debug" />
		</Unit>
		<Unit filename="925.thread.atomic_flag.cpp">
			<Option target="Debug" />
		</Unit>
=======
		</Unit>
		<Unit filename="925.thread.atomic_flag.cpp">
			<Option compile="0" />
			<Option link="0" />
		</Unit>
		<Unit filename="930.thread.memory_order_seq_cst.cpp">
			<Option compile="0" />
			<Option link="0" />
			<Option target="Debug" />
		</Unit>
		<Unit filename="931.thread.memory_order_relaxed.cpp">
			<Option target="Debug" />
		</Unit>
		<Unit filename="932.thread.memory_order_acquire_release.cpp">
			<Option target="&lt;{~None~}&gt;" />
		</Unit>
>>>>>>> origin/master
		<Unit filename="ConstExpr.cpp">
			<Option compile="0" />
			<Option link="0" />
			<Option target="Debug" />
		</Unit>
		<Unit filename="ExceptionDemo.cpp">
			<Option compile="0" />
			<Option link="0" />
			<Option target="Debug" />
		</Unit>
		<Unit filename="FunctorAndLambda.cpp">
			<Option compile="0" />
			<Option link="0" />
			<Option target="Debug" />
		</Unit>
		<Unit filename="MyClass.hpp">
			<Option target="Debug" />
		</Unit>
		<Unit filename="MyResource.h">
			<Option target="Debug" />
		</Unit>
		<Unit filename="Overload.cpp">
			<Option compile="0" />
			<Option link="0" />
			<Option target="Debug" />
		</Unit>
		<Unit filename="StringDemo.cpp">
			<Option compile="0" />
			<Option link="0" />
			<Option target="Debug" />
		</Unit>
		<Unit filename="Template.cpp">
			<Option compile="0" />
			<Option link="0" />
			<Option target="Debug" />
		</Unit>
		<Unit filename="ThisAndRefDemo.cpp">
			<Option compile="0" />
			<Option link="0" />
		</Unit>
		<Unit filename="algorithm.Copy.cpp">
			<Option compile="0" />
			<Option link="0" />
			<Option target="Debug" />
		</Unit>
		<Unit filename="cstring.strcpy_memcpy_memset.cpp">
			<Option compile="0" />
			<Option link="0" />
			<Option target="Debug" />
		</Unit>
		<Extensions>
			<code_completion />
			<envvars />
			<debugger />
			<lib_finder disable_auto="1" />
		</Extensions>
	</Project>
</CodeBlocks_project_file>
