<?xml version="1.0" encoding="UTF-8" standalone="yes" ?>
<CodeBlocks_project_file>
	<FileVersion major="1" minor="6" />
	<Project>
		<Option title="CPPDemo.Lang" />
		<Option pch_mode="2" />
		<Option compiler="gcc" />
		<Build>
			<Target title="Debug">
				<Option output="bin/Debug/CPPDemo" prefix_auto="1" extension_auto="1" />
				<Option object_output="obj/Debug/" />
				<Option type="1" />
				<Option compiler="gcc" />
				<Compiler>
					<Add option="-g" />
				</Compiler>
			</Target>
			<Target title="Release">
				<Option output="bin/Release/CPPDemo" prefix_auto="1" extension_auto="1" />
				<Option object_output="obj/Release/" />
				<Option type="1" />
				<Option compiler="gcc" />
				<Compiler>
					<Add option="-O2" />
				</Compiler>
				<Linker>
					<Add option="-s" />
				</Linker>
			</Target>
		</Build>
		<Compiler>
			<Add option="-Wall" />
			<Add option="-fexceptions" />
		</Compiler>
		<Unit filename="002.LRvalueAndRvalueReference.cpp">
			<Option compile="0" />
			<Option link="0" />
			<Option target="Debug" />
		</Unit>
		<Unit filename="200.ClassBasic.cpp">
			<Option compile="0" />
			<Option link="0" />
		</Unit>
		<Unit filename="201.BaseAndSub.cpp">
			<Option compile="0" />
			<Option link="0" />
		</Unit>
		<Unit filename="201.ClassWithPointer.cpp">
			<Option compile="0" />
			<Option link="0" />
			<Option target="Debug" />
		</Unit>
		<Unit filename="202.Virtual.cpp">
			<Option compile="0" />
			<Option link="0" />
			<Option target="Debug" />
		</Unit>
		<Unit filename="203.PureVirtual.cpp">
			<Option compile="0" />
			<Option link="0" />
		</Unit>
		<Unit filename="204.VirtualAndInvokeOrder.cpp">
			<Option compile="0" />
			<Option link="0" />
		</Unit>
		<Unit filename="205.VirtualDtor.cpp" />
		<Unit filename="210.FriendClassAndFriendMethod.cpp">
			<Option compile="0" />
			<Option link="0" />
			<Option target="Debug" />
		</Unit>
		<Unit filename="300.CtorExplicit.cpp">
			<Option compile="0" />
			<Option link="0" />
			<Option target="Debug" />
		</Unit>
		<Unit filename="300.CtorInvokeCtor.cpp">
			<Option compile="0" />
			<Option link="0" />
			<Option target="Debug" />
		</Unit>
		<Unit filename="310.CopyCtor.cpp">
			<Option compile="0" />
			<Option link="0" />
			<Option target="Debug" />
		</Unit>
		<Unit filename="311.CopyAssignmentOperator.cpp">
			<Option compile="0" />
			<Option link="0" />
			<Option target="Debug" />
		</Unit>
		<Unit filename="312.CopyAssignmentOperatorUsingSwap.cpp">
			<Option compile="0" />
			<Option link="0" />
			<Option target="Debug" />
		</Unit>
		<Unit filename="320.MoveCtor.cpp">
			<Option compile="0" />
			<Option link="0" />
			<Option target="Debug" />
		</Unit>
		<Unit filename="321.MoveAssignmentOperator.cpp">
			<Option compile="0" />
			<Option link="0" />
			<Option target="Debug" />
		</Unit>
		<Unit filename="350.RuleOfFive_Simple.cpp">
			<Option compile="0" />
			<Option link="0" />
		</Unit>
		<Unit filename="351.RuleOfFive_Optimize.cpp">
			<Option compile="0" />
			<Option link="0" />
			<Option target="Debug" />
		</Unit>
		<Unit filename="801.MethodReturnValueAndRef.cpp">
			<Option compile="0" />
			<Option link="0" />
			<Option target="Debug" />
		</Unit>
		<Unit filename="802.SmartPointer.cpp">
			<Option compile="0" />
			<Option link="0" />
			<Option target="Debug" />
		</Unit>
		<Unit filename="803.NewAndDelete.cpp">
			<Option compile="0" />
			<Option link="0" />
			<Option target="Debug" />
		</Unit>
		<Unit filename="900.thread.demo.cpp">
			<Option compile="0" />
			<Option link="0" />
		</Unit>
		<Unit filename="900.thread.parameters.cpp">
			<Option compile="0" />
			<Option link="0" />
			<Option target="Debug" />
		</Unit>
		<Unit filename="901.thread.join_detach.cpp">
			<Option compile="0" />
			<Option link="0" />
		</Unit>
		<Unit filename="902.thread.exception.cpp">
			<Option compile="0" />
			<Option link="0" />
		</Unit>
		<Unit filename="903.thread.transfer_owner.cpp">
			<Option compile="0" />
			<Option link="0" />
			<Option target="Debug" />
		</Unit>
		<Unit filename="905.thread.this_thread.cpp">
			<Option compile="0" />
			<Option link="0" />
		</Unit>
		<Unit filename="910.thread.mutex.lock_guard.cpp">
			<Option compile="0" />
			<Option link="0" />
		</Unit>
		<Unit filename="911.[todo].thread.unique_lock.cpp">
			<Option compile="0" />
			<Option link="0" />
		</Unit>
		<Unit filename="920.thread.atomic.cpp">
			<Option compile="0" />
			<Option link="0" />
		</Unit>
		<Unit filename="925.thread.atomic_flag.cpp">
			<Option compile="0" />
			<Option link="0" />
			<Option target="Debug" />
		</Unit>
		<Unit filename="STL.01.Bitset.cpp">
			<Option compile="0" />
			<Option link="0" />
		</Unit>
		<Extensions>
			<code_completion />
			<envvars />
			<debugger />
		</Extensions>
	</Project>
</CodeBlocks_project_file>
